
Microsoft Visual Studio Solution File, Format Version 12.00
# Visual Studio 14
VisualStudioVersion = 14.0.25123.0
MinimumVisualStudioVersion = 10.0.40219.1
Project("{FAE04EC0-301F-11D3-BF4B-00C04F79EFBC}") = "ApexService", "ApexService\ApexService.csproj", "{E1260B16-0791-4DC1-9209-DA3DC98698D6}"
EndProject
Global
	GlobalSection(SolutionConfigurationPlatforms) = preSolution
		Debug|Any CPU = Debug|Any CPU
		Release|Any CPU = Release|Any CPU
	EndGlobalSection
	GlobalSection(ProjectConfigurationPlatforms) = postSolution
		{E1260B16-0791-4DC1-9209-DA3DC98698D6}.Debug|Any CPU.ActiveCfg = Debug|Any CPU
		{E1260B16-0791-4DC1-9209-DA3DC98698D6}.Debug|Any CPU.Build.0 = Debug|Any CPU
		{E1260B16-0791-4DC1-9209-DA3DC98698D6}.Release|Any CPU.ActiveCfg = Release|Any CPU
		{E1260B16-0791-4DC1-9209-DA3DC98698D6}.Release|Any CPU.Build.0 = Release|Any CPU
	EndGlobalSection
	GlobalSection(SolutionProperties) = preSolution
		HideSolutionNode = FALSE
	EndGlobalSection
EndGlobal
